<?xml version="1.0" encoding="utf-8"?>
<Project ToolsVersion="4.0" xmlns="http://schemas.microsoft.com/developer/msbuild/2003">
  <ItemGroup>
    <Filter Include="Source Files">
      <UniqueIdentifier>{4FC737F1-C7A5-4376-A066-2A32D752A2FF}</UniqueIdentifier>
      <Extensions>cpp;c;cc;cxx;def;odl;idl;hpj;bat;asm;asmx</Extensions>
    </Filter>
    <Filter Include="Header Files">
      <UniqueIdentifier>{93995380-89BD-4b04-88EB-625FBE52EBFB}</UniqueIdentifier>
      <Extensions>h;hh;hpp;hxx;hm;inl;inc;xsd</Extensions>
    </Filter>
    <Filter Include="Resource Files">
      <UniqueIdentifier>{67DA6AB6-F800-4c08-8B7A-83BB121AAD01}</UniqueIdentifier>
      <Extensions>rc;ico;cur;bmp;dlg;rc2;rct;bin;rgs;gif;jpg;jpeg;jpe;resx;tiff;tif;png;wav;mfcribbon-ms</Extensions>
    </Filter>
    <Filter Include="Source Files\DirectX">
      <UniqueIdentifier>{f33cac80-bda3-4e98-a4df-7c317251781d}</UniqueIdentifier>
    </Filter>
    <Filter Include="Header Files\DirectX">
      <UniqueIdentifier>{368467ed-b303-4fdb-89fd-addba0ba3ad8}</UniqueIdentifier>
    </Filter>
    <Filter Include="Source Files\Handlers">
      <UniqueIdentifier>{c569fa3d-234b-4b45-9907-b6ef5cfdf796}</UniqueIdentifier>
    </Filter>
    <Filter Include="Header Files\Handlers">
      <UniqueIdentifier>{1ee6ff0d-6874-478b-9c32-6ddb4b53f615}</UniqueIdentifier>
    </Filter>
    <Filter Include="Header Files\Scenario">
      <UniqueIdentifier>{cc6224e5-7d40-48fe-893f-3d75ad89b260}</UniqueIdentifier>
    </Filter>
    <Filter Include="Source Files\Scenario">
      <UniqueIdentifier>{829f2af7-c9a7-447e-b5c6-320645d1a40b}</UniqueIdentifier>
    </Filter>
    <Filter Include="Header Files\GUI">
      <UniqueIdentifier>{afa79d00-2250-46fd-a60f-5ca46acb3bb3}</UniqueIdentifier>
    </Filter>
    <Filter Include="Source Files\GUI">
      <UniqueIdentifier>{4290018b-cfe9-4f22-9255-337ba4b3abc7}</UniqueIdentifier>
    </Filter>
  </ItemGroup>
  <ItemGroup>
    <ClCompile Include="src\camera.cpp">
      <Filter>Source Files</Filter>
    </ClCompile>
    <ClCompile Include="src\cmdline.cpp">
      <Filter>Source Files\GUI</Filter>
    </ClCompile>
    <ClCompile Include="src\direct3d.cpp">
      <Filter>Source Files\DirectX</Filter>
    </ClCompile>
    <ClCompile Include="src\directinput.cpp">
      <Filter>Source Files\DirectX</Filter>
    </ClCompile>
    <ClCompile Include="src\directwrite.cpp">
      <Filter>Source Files\DirectX</Filter>
    </ClCompile>
    <ClCompile Include="src\engen.cpp">
      <Filter>Source Files</Filter>
    </ClCompile>
    <ClCompile Include="src\gamex.cpp">
      <Filter>Source Files\Handlers</Filter>
    </ClCompile>
    <ClCompile Include="src\graphics.cpp">
      <Filter>Source Files</Filter>
    </ClCompile>
    <ClCompile Include="src\main.cpp">
      <Filter>Source Files</Filter>
    </ClCompile>
    <ClCompile Include="src\medfound.cpp">
      <Filter>Source Files\DirectX</Filter>
    </ClCompile>
    <ClCompile Include="src\model.cpp">
      <Filter>Source Files\Scenario</Filter>
    </ClCompile>
    <ClCompile Include="src\scenario.cpp">
      <Filter>Source Files\Scenario</Filter>
    </ClCompile>
    <ClCompile Include="src\time.cpp">
      <Filter>Source Files\Handlers</Filter>
    </ClCompile>
    <ClCompile Include="src\video.cpp">
      <Filter>Source Files</Filter>
    </ClCompile>
    <ClCompile Include="src\xaudio.cpp">
      <Filter>Source Files\DirectX</Filter>
    </ClCompile>
    <ClCompile Include="src\Shading\shading.cpp">
      <Filter>Source Files\Scenario</Filter>
    </ClCompile>
    <ClCompile Include="src\Shading\texture.cpp">
      <Filter>Source Files\Scenario</Filter>
    </ClCompile>
  </ItemGroup>
  <ItemGroup>
    <ClInclude Include="headers\camera.h">
      <Filter>Header Files</Filter>
    </ClInclude>
    <ClInclude Include="headers\cmdline.h">
      <Filter>Header Files\GUI</Filter>
    </ClInclude>
    <ClInclude Include="headers\direct3d.h">
      <Filter>Header Files\DirectX</Filter>
    </ClInclude>
    <ClInclude Include="headers\directinput.h">
      <Filter>Header Files\DirectX</Filter>
    </ClInclude>
    <ClInclude Include="headers\directwrite.h">
      <Filter>Header Files\DirectX</Filter>
    </ClInclude>
    <ClInclude Include="headers\engen.h">
      <Filter>Header Files</Filter>
    </ClInclude>
    <ClInclude Include="headers\gamex.h">
      <Filter>Header Files\Handlers</Filter>
    </ClInclude>
    <ClInclude Include="headers\graphics.h">
      <Filter>Header Files</Filter>
    </ClInclude>
    <ClInclude Include="headers\mainmenu.h">
      <Filter>Header Files\GUI</Filter>
    </ClInclude>
    <ClInclude Include="headers\medfound.h">
      <Filter>Header Files\DirectX</Filter>
    </ClInclude>
    <ClInclude Include="headers\model.h">
      <Filter>Header Files\Scenario</Filter>
    </ClInclude>
    <ClInclude Include="headers\resource.h">
      <Filter>Header Files</Filter>
    </ClInclude>
    <ClInclude Include="headers\scenario.h">
      <Filter>Header Files\Scenario</Filter>
    </ClInclude>
    <ClInclude Include="headers\time.h">
      <Filter>Header Files\Handlers</Filter>
    </ClInclude>
    <ClInclude Include="headers\video.h">
      <Filter>Header Files</Filter>
    </ClInclude>
    <ClInclude Include="headers\xaudio.h">
      <Filter>Header Files\DirectX</Filter>
    </ClInclude>
    <ClInclude Include="headers\Shading\shading.h">
      <Filter>Header Files\Scenario</Filter>
    </ClInclude>
    <ClInclude Include="headers\Shading\texture.h">
      <Filter>Header Files\Scenario</Filter>
    </ClInclude>
  </ItemGroup>
  <ItemGroup>
    <None Include="FX\color.ps" />
    <None Include="FX\color.vs" />
  </ItemGroup>
  <ItemGroup>
    <ResourceCompile Include="engen.rc">
      <Filter>Resource Files</Filter>
    </ResourceCompile>
  </ItemGroup>
</Project>